
Microsoft Visual Studio Solution File, Format Version 12.00
# Visual Studio Version 16
VisualStudioVersion = 16.0.30204.135
MinimumVisualStudioVersion = 10.0.40219.1
Project("{FAE04EC0-301F-11D3-BF4B-00C04F79EFBC}") = "Lab16.2TypeScript", "Lab16.2TypeScript\Lab16.2TypeScript.csproj", "{57D8375A-BE79-4417-8515-A8959B186BB8}"
EndProject
Global
	GlobalSection(SolutionConfigurationPlatforms) = preSolution
		Debug|Any CPU = Debug|Any CPU
		Release|Any CPU = Release|Any CPU
	EndGlobalSection
	GlobalSection(ProjectConfigurationPlatforms) = postSolution
		{57D8375A-BE79-4417-8515-A8959B186BB8}.Debug|Any CPU.ActiveCfg = Debug|Any CPU
		{57D8375A-BE79-4417-8515-A8959B186BB8}.Debug|Any CPU.Build.0 = Debug|Any CPU
		{57D8375A-BE79-4417-8515-A8959B186BB8}.Release|Any CPU.ActiveCfg = Release|Any CPU
		{57D8375A-BE79-4417-8515-A8959B186BB8}.Release|Any CPU.Build.0 = Release|Any CPU
	EndGlobalSection
	GlobalSection(SolutionProperties) = preSolution
		HideSolutionNode = FALSE
	EndGlobalSection
	GlobalSection(ExtensibilityGlobals) = postSolution
		SolutionGuid = {3AAD6768-5937-4B24-8F3D-C5C63CED427F}
	EndGlobalSection
EndGlobal
